// !$*UTF8*$!
{
	archiveVersion = 1;
	classes = {
	};
	objectVersion = 50;
	objects = {

/* Begin PBXBuildFile section */
		78BACBE8255ACD2A0053C95A /* AppDelegate.swift in Sources */ = {isa = PBXBuildFile; fileRef = 78BACBE7255ACD2A0053C95A /* AppDelegate.swift */; };
		78BACBEA255ACD2A0053C95A /* SceneDelegate.swift in Sources */ = {isa = PBXBuildFile; fileRef = 78BACBE9255ACD2A0053C95A /* SceneDelegate.swift */; };
		78BACBEC255ACD2A0053C95A /* ViewController.swift in Sources */ = {isa = PBXBuildFile; fileRef = 78BACBEB255ACD2A0053C95A /* ViewController.swift */; };
		78BACBEF255ACD2A0053C95A /* Main.storyboard in Resources */ = {isa = PBXBuildFile; fileRef = 78BACBED255ACD2A0053C95A /* Main.storyboard */; };
		78BACBF1255ACD2D0053C95A /* Assets.xcassets in Resources */ = {isa = PBXBuildFile; fileRef = 78BACBF0255ACD2D0053C95A /* Assets.xcassets */; };
		78BACBF4255ACD2D0053C95A /* LaunchScreen.storyboard in Resources */ = {isa = PBXBuildFile; fileRef = 78BACBF2255ACD2D0053C95A /* LaunchScreen.storyboard */; };
/* End PBXBuildFile section */

/* Begin PBXFileReference section */
		78BACBE4255ACD2A0053C95A /* ProjectEnsisa.app */ = {isa = PBXFileReference; explicitFileType = wrapper.application; includeInIndex = 0; path = ProjectEnsisa.app; sourceTree = BUILT_PRODUCTS_DIR; };
		78BACBE7255ACD2A0053C95A /* AppDelegate.swift */ = {isa = PBXFileReference; lastKnownFileType = sourcecode.swift; path = AppDelegate.swift; sourceTree = "<group>"; };
		78BACBE9255ACD2A0053C95A /* SceneDelegate.swift */ = {isa = PBXFileReference; lastKnownFileType = sourcecode.swift; path = SceneDelegate.swift; sourceTree = "<group>"; };
		78BACBEB255ACD2A0053C95A /* ViewController.swift */ = {isa = PBXFileReference; lastKnownFileType = sourcecode.swift; path = ViewController.swift; sourceTree = "<group>"; };
		78BACBEE255ACD2A0053C95A /* Base */ = {isa = PBXFileReference; lastKnownFileType = file.storyboard; name = Base; path = Base.lproj/Main.storyboard; sourceTree = "<group>"; };
		78BACBF0255ACD2D0053C95A /* Assets.xcassets */ = {isa = PBXFileReference; lastKnownFileType = folder.assetcatalog; path = Assets.xcassets; sourceTree = "<group>"; };
		78BACBF3255ACD2D0053C95A /* Base */ = {isa = PBXFileReference; lastKnownFileType = file.storyboard; name = Base; path = Base.lproj/LaunchScreen.storyboard; sourceTree = "<group>"; };
		78BACBF5255ACD2D0053C95A /* Info.plist */ = {isa = PBXFileReference; lastKnownFileType = text.plist.xml; path = Info.plist; sourceTree = "<group>"; };
/* End PBXFileReference section */

/* Begin PBXFrameworksBuildPhase section */
		78BACBE1255ACD2A0053C95A /* Frameworks */ = {
			isa = PBXFrameworksBuildPhase;
			buildActionMask = 2147483647;
			files = (
			);
			runOnlyForDeploymentPostprocessing = 0;
		};
/* End PBXFrameworksBuildPhase section */

/* Begin PBXGroup section */
		78BACBDB255ACD2A0053C95A = {
			isa = PBXGroup;
			children = (
				78BACBE6255ACD2A0053C95A /* ProjectEnsisa */,
				78BACBE5255ACD2A0053C95A /* Products */,
			);
			sourceTree = "<group>";
		};
		78BACBE5255ACD2A0053C95A /* Products */ = {
			isa = PBXGroup;
			children = (
				78BACBE4255ACD2A0053C95A /* ProjectEnsisa.app */,
			);
			name = Products;
			sourceTree = "<group>";
		};
		78BACBE6255ACD2A0053C95A /* ProjectEnsisa */ = {
			isa = PBXGroup;
			children = (
				78BACBE7255ACD2A0053C95A /* AppDelegate.swift */,
				78BACBE9255ACD2A0053C95A /* SceneDelegate.swift */,
				78BACBEB255ACD2A0053C95A /* ViewController.swift */,
				78BACBED255ACD2A0053C95A /* Main.storyboard */,
				78BACBF0255ACD2D0053C95A /* Assets.xcassets */,
				78BACBF2255ACD2D0053C95A /* LaunchScreen.storyboard */,
				78BACBF5255ACD2D0053C95A /* Info.plist */,
			);
			path = ProjectEnsisa;
			sourceTree = "<group>";
		};
/* End PBXGroup section */

/* Begin PBXNativeTarget section */
		78BACBE3255ACD2A0053C95A /* ProjectEnsisa */ = {
			isa = PBXNativeTarget;
			buildConfigurationList = 78BACBF8255ACD2D0053C95A /* Build configuration list for PBXNativeTarget "ProjectEnsisa" */;
			buildPhases = (
				78BACBE0255ACD2A0053C95A /* Sources */,
				78BACBE1255ACD2A0053C95A /* Frameworks */,
				78BACBE2255ACD2A0053C95A /* Resources */,
			);
			buildRules = (
			);
			dependencies = (
			);
			name = ProjectEnsisa;
			productName = ProjectEnsisa;
			productReference = 78BACBE4255ACD2A0053C95A /* ProjectEnsisa.app */;
			productType = "com.apple.product-type.application";
		};
/* End PBXNativeTarget section */

/* Begin PBXProject section */
		78BACBDC255ACD2A0053C95A /* Project object */ = {
			isa = PBXProject;
			attributes = {
				LastSwiftUpdateCheck = 1160;
				LastUpgradeCheck = 1160;
				ORGANIZATIONNAME = Atay;
				TargetAttributes = {
					78BACBE3255ACD2A0053C95A = {
						CreatedOnToolsVersion = 11.6;
					};
				};
			};
			buildConfigurationList = 78BACBDF255ACD2A0053C95A /* Build configuration list for PBXProject "ProjectEnsisa" */;
			compatibilityVersion = "Xcode 9.3";
			developmentRegion = en;
			hasScannedForEncodings = 0;
			knownRegions = (
				en,
				Base,
			);
			mainGroup = 78BACBDB255ACD2A0053C95A;
			productRefGroup = 78BACBE5255ACD2A0053C95A /* Products */;
			projectDirPath = "";
			projectRoot = "";
			targets = (
				78BACBE3255ACD2A0053C95A /* ProjectEnsisa */,
			);
		};
/* End PBXProject section */

/* Begin PBXResourcesBuildPhase section */
		78BACBE2255ACD2A0053C95A /* Resources */ = {
			isa = PBXResourcesBuildPhase;
			buildActionMask = 2147483647;
			files = (
				78BACBF4255ACD2D0053C95A /* LaunchScreen.storyboard in Resources */,
				78BACBF1255ACD2D0053C95A /* Assets.xcassets in Resources */,
				78BACBEF255ACD2A0053C95A /* Main.storyboard in Resources */,
			);
			runOnlyForDeploymentPostprocessing = 0;
		};
/* End PBXResourcesBuildPhase section */

/* Begin PBXSourcesBuildPhase section */
		78BACBE0255ACD2A0053C95A /* Sources */ = {
			isa = PBXSourcesBuildPhase;
			buildActionMask = 2147483647;
			files = (
				78BACBEC255ACD2A0053C95A /* ViewController.swift in Sources */,
				78BACBE8255ACD2A0053C95A /* AppDelegate.swift in Sources */,
				78BACBEA255ACD2A0053C95A /* SceneDelegate.swift in Sources */,
			);
			runOnlyForDeploymentPostprocessing = 0;
		};
/* End PBXSourcesBuildPhase section */

/* Begin PBXVariantGroup section */
		78BACBED255ACD2A0053C95A /* Main.storyboard */ = {
			isa = PBXVariantGroup;
			children = (
				78BACBEE255ACD2A0053C95A /* Base */,
			);
			name = Main.storyboard;
			sourceTree = "<group>";
		};
		78BACBF2255ACD2D0053C95A /* LaunchScreen.storyboard */ = {
			isa = PBXVariantGroup;
			children = (
				78BACBF3255ACD2D0053C95A /* Base */,
			);
			name = LaunchScreen.storyboard;
			sourceTree = "<group>";
		};
/* End PBXVariantGroup section */

/* Begin XCBuildConfiguration section */
		78BACBF6255ACD2D0053C95A /* Debug */ = {
			isa = XCBuildConfiguration;
			buildSettings = {
				ALWAYS_SEARCH_USER_PATHS = NO;
				CLANG_ANALYZER_NONNULL = YES;
				CLANG_ANALYZER_NUMBER_OBJECT_CONVERSION = YES_AGGRESSIVE;
				CLANG_CXX_LANGUAGE_STANDARD = "gnu++14";
				CLANG_CXX_LIBRARY = "libc++";
				CLANG_ENABLE_MODULES = YES;
				CLANG_ENABLE_OBJC_ARC = YES;
				CLANG_ENABLE_OBJC_WEAK = YES;
				CLANG_WARN_BLOCK_CAPTURE_AUTORELEASING = YES;
				CLANG_WARN_BOOL_CONVERSION = YES;
				CLANG_WARN_COMMA = YES;
				CLANG_WARN_CONSTANT_CONVERSION = YES;
				CLANG_WARN_DEPRECATED_OBJC_IMPLEMENTATIONS = YES;
				CLANG_WARN_DIRECT_OBJC_ISA_USAGE = YES_ERROR;
				CLANG_WARN_DOCUMENTATION_COMMENTS = YES;
				CLANG_WARN_EMPTY_BODY = YES;
				CLANG_WARN_ENUM_CONVERSION = YES;
				CLANG_WARN_INFINITE_RECURSION = YES;
				CLANG_WARN_INT_CONVERSION = YES;
				CLANG_WARN_NON_LITERAL_NULL_CONVERSION = YES;
				CLANG_WARN_OBJC_IMPLICIT_RETAIN_SELF = YES;
				CLANG_WARN_OBJC_LITERAL_CONVERSION = YES;
				CLANG_WARN_OBJC_ROOT_CLASS = YES_ERROR;
				CLANG_WARN_RANGE_LOOP_ANALYSIS = YES;
				CLANG_WARN_STRICT_PROTOTYPES = YES;
				CLANG_WARN_SUSPICIOUS_MOVE = YES;
				CLANG_WARN_UNGUARDED_AVAILABILITY = YES_AGGRESSIVE;
				CLANG_WARN_UNREACHABLE_CODE = YES;
				CLANG_WARN__DUPLICATE_METHOD_MATCH = YES;
				COPY_PHASE_STRIP = NO;
				DEBUG_INFORMATION_FORMAT = dwarf;
				ENABLE_STRICT_OBJC_MSGSEND = YES;
				ENABLE_TESTABILITY = YES;
				GCC_C_LANGUAGE_STANDARD = gnu11;
				GCC_DYNAMIC_NO_PIC = NO;
				GCC_NO_COMMON_BLOCKS = YES;
				GCC_OPTIMIZATION_LEVEL = 0;
				GCC_PREPROCESSOR_DEFINITIONS = (
					"DEBUG=1",
					"$(inherited)",
				);
				GCC_WARN_64_TO_32_BIT_CONVERSION = YES;
				GCC_WARN_ABOUT_RETURN_TYPE = YES_ERROR;
				GCC_WARN_UNDECLARED_SELECTOR = YES;
				GCC_WARN_UNINITIALIZED_AUTOS = YES_AGGRESSIVE;
				GCC_WARN_UNUSED_FUNCTION = YES;
				GCC_WARN_UNUSED_VARIABLE = YES;
				IPHONEOS_DEPLOYMENT_TARGET = 13.6;
				MTL_ENABLE_DEBUG_INFO = INCLUDE_SOURCE;
				MTL_FAST_MATH = YES;
				ONLY_ACTIVE_ARCH = YES;
				SDKROOT = iphoneos;
				SWIFT_ACTIVE_COMPILATION_CONDITIONS = DEBUG;
				SWIFT_OPTIMIZATION_LEVEL = "-Onone";
			};
			name = Debug;
		};
		78BACBF7255ACD2D0053C95A /* Release */ = {
			isa = XCBuildConfiguration;
			buildSettings = {
				ALWAYS_SEARCH_USER_PATHS = NO;
				CLANG_ANALYZER_NONNULL = YES;
				CLANG_ANALYZER_NUMBER_OBJECT_CONVERSION = YES_AGGRESSIVE;
				CLANG_CXX_LANGUAGE_STANDARD = "gnu++14";
				CLANG_CXX_LIBRARY = "libc++";
				CLANG_ENABLE_MODULES = YES;
				CLANG_ENABLE_OBJC_ARC = YES;
				CLANG_ENABLE_OBJC_WEAK = YES;
				CLANG_WARN_BLOCK_CAPTURE_AUTORELEASING = YES;
				CLANG_WARN_BOOL_CONVERSION = YES;
				CLANG_WARN_COMMA = YES;
				CLANG_WARN_CONSTANT_CONVERSION = YES;
				CLANG_WARN_DEPRECATED_OBJC_IMPLEMENTATIONS = YES;
				CLANG_WARN_DIRECT_OBJC_ISA_USAGE = YES_ERROR;
				CLANG_WARN_DOCUMENTATION_COMMENTS = YES;
				CLANG_WARN_EMPTY_BODY = YES;
				CLANG_WARN_ENUM_CONVERSION = YES;
				CLANG_WARN_INFINITE_RECURSION = YES;
				CLANG_WARN_INT_CONVERSION = YES;
				CLANG_WARN_NON_LITERAL_NULL_CONVERSION = YES;
				CLANG_WARN_OBJC_IMPLICIT_RETAIN_SELF = YES;
				CLANG_WARN_OBJC_LITERAL_CONVERSION = YES;
				CLANG_WARN_OBJC_ROOT_CLASS = YES_ERROR;
				CLANG_WARN_RANGE_LOOP_ANALYSIS = YES;
				CLANG_WARN_STRICT_PROTOTYPES = YES;
				CLANG_WARN_SUSPICIOUS_MOVE = YES;
				CLANG_WARN_UNGUARDED_AVAILABILITY = YES_AGGRESSIVE;
				CLANG_WARN_UNREACHABLE_CODE = YES;
				CLANG_WARN__DUPLICATE_METHOD_MATCH = YES;
				COPY_PHASE_STRIP = NO;
				DEBUG_INFORMATION_FORMAT = "dwarf-with-dsym";
				ENABLE_NS_ASSERTIONS = NO;
				ENABLE_STRICT_OBJC_MSGSEND = YES;
				GCC_C_LANGUAGE_STANDARD = gnu11;
				GCC_NO_COMMON_BLOCKS = YES;
				GCC_WARN_64_TO_32_BIT_CONVERSION = YES;
				GCC_WARN_ABOUT_RETURN_TYPE = YES_ERROR;
				GCC_WARN_UNDECLARED_SELECTOR = YES;
				GCC_WARN_UNINITIALIZED_AUTOS = YES_AGGRESSIVE;
				GCC_WARN_UNUSED_FUNCTION = YES;
				GCC_WARN_UNUSED_VARIABLE = YES;
				IPHONEOS_DEPLOYMENT_TARGET = 13.6;
				MTL_ENABLE_DEBUG_INFO = NO;
				MTL_FAST_MATH = YES;
				SDKROOT = iphoneos;
				SWIFT_COMPILATION_MODE = wholemodule;
				SWIFT_OPTIMIZATION_LEVEL = "-O";
				VALIDATE_PRODUCT = YES;
			};
			name = Release;
		};
		78BACBF9255ACD2D0053C95A /* Debug */ = {
			isa = XCBuildConfiguration;
			buildSettings = {
				ASSETCATALOG_COMPILER_APPICON_NAME = AppIcon;
				CODE_SIGN_STYLE = Automatic;
				DEVELOPMENT_TEAM = P9JU5XX24H;
				INFOPLIST_FILE = ProjectEnsisa/Info.plist;
				LD_RUNPATH_SEARCH_PATHS = (
					"$(inherited)",
					"@executable_path/Frameworks",
				);
				PRODUCT_BUNDLE_IDENTIFIER = co.chichaoui.ProjectEnsisa;
				PRODUCT_NAME = "$(TARGET_NAME)";
				SWIFT_VERSION = 5.0;
				TARGETED_DEVICE_FAMILY = "1,2";
			};
			name = Debug;
		};
		78BACBFA255ACD2D0053C95A /* Release */ = {
			isa = XCBuildConfiguration;
			buildSettings = {
				ASSETCATALOG_COMPILER_APPICON_NAME = AppIcon;
				CODE_SIGN_STYLE = Automatic;
				DEVELOPMENT_TEAM = P9JU5XX24H;
				INFOPLIST_FILE = ProjectEnsisa/Info.plist;
				LD_RUNPATH_SEARCH_PATHS = (
					"$(inherited)",
					"@executable_path/Frameworks",
				);
				PRODUCT_BUNDLE_IDENTIFIER = co.chichaoui.ProjectEnsisa;
				PRODUCT_NAME = "$(TARGET_NAME)";
				SWIFT_VERSION = 5.0;
				TARGETED_DEVICE_FAMILY = "1,2";
			};
			name = Release;
		};
/* End XCBuildConfiguration section */

/* Begin XCConfigurationList section */
		78BACBDF255ACD2A0053C95A /* Build configuration list for PBXProject "ProjectEnsisa" */ = {
			isa = XCConfigurationList;
			buildConfigurations = (
				78BACBF6255ACD2D0053C95A /* Debug */,
				78BACBF7255ACD2D0053C95A /* Release */,
			);
			defaultConfigurationIsVisible = 0;
			defaultConfigurationName = Release;
		};
		78BACBF8255ACD2D0053C95A /* Build configuration list for PBXNativeTarget "ProjectEnsisa" */ = {
			isa = XCConfigurationList;
			buildConfigurations = (
				78BACBF9255ACD2D0053C95A /* Debug */,
				78BACBFA255ACD2D0053C95A /* Release */,
			);
			defaultConfigurationIsVisible = 0;
			defaultConfigurationName = Release;
		};
/* End XCConfigurationList section */
	};
	rootObject = 78BACBDC255ACD2A0053C95A /* Project object */;
}
